
Microsoft Visual Studio Solution File, Format Version 12.00
# Visual Studio Version 17
VisualStudioVersion = 17.8.34330.188
MinimumVisualStudioVersion = 10.0.40219.1
Project("{9A19103F-16F7-4668-BE54-9A1E7A4F7556}") = "Passknight", "Passknight\Passknight.csproj", "{DF021F58-538D-41AE-8C8A-8271C4DA1850}"
EndProject
Global
	GlobalSection(SolutionConfigurationPlatforms) = preSolution
		Debug|Any CPU = Debug|Any CPU
		Release|Any CPU = Release|Any CPU
	EndGlobalSection
	GlobalSection(ProjectConfigurationPlatforms) = postSolution
		{DF021F58-538D-41AE-8C8A-8271C4DA1850}.Debug|Any CPU.ActiveCfg = Debug|Any CPU
		{DF021F58-538D-41AE-8C8A-8271C4DA1850}.Debug|Any CPU.Build.0 = Debug|Any CPU
		{DF021F58-538D-41AE-8C8A-8271C4DA1850}.Release|Any CPU.ActiveCfg = Release|Any CPU
		{DF021F58-538D-41AE-8C8A-8271C4DA1850}.Release|Any CPU.Build.0 = Release|Any CPU
	EndGlobalSection
	GlobalSection(SolutionProperties) = preSolution
		HideSolutionNode = FALSE
	EndGlobalSection
	GlobalSection(ExtensibilityGlobals) = postSolution
		SolutionGuid = {9C89185D-13B6-4F2C-BE7B-6B6811AC6D41}
	EndGlobalSection
EndGlobal
